
Microsoft Visual Studio Solution File, Format Version 12.00
# Visual Studio Version 16
VisualStudioVersion = 16.0.32901.82
MinimumVisualStudioVersion = 10.0.40219.1
Project("{FAE04EC0-301F-11D3-BF4B-00C04F79EFBC}") = "FichaAcademia", "FichaAcademia\FichaAcademia.csproj", "{68B84489-5FF7-4604-A767-1BAF95ED57AA}"
EndProject
Project("{FAE04EC0-301F-11D3-BF4B-00C04F79EFBC}") = "FichaAcademia.Dominio", "FichaAcademia.Dominio\FichaAcademia.Dominio.csproj", "{0EAD9CA3-A6F2-4DED-839B-F677E5DB8959}"
EndProject
Project("{FAE04EC0-301F-11D3-BF4B-00C04F79EFBC}") = "FichaAcademia.AcessoDados", "FichaAcademia.AcessoDados\FichaAcademia.AcessoDados.csproj", "{D9E5B9B9-604A-4036-8DEA-EC4C1CEA4BE9}"
EndProject
Global
	GlobalSection(SolutionConfigurationPlatforms) = preSolution
		Debug|Any CPU = Debug|Any CPU
		Release|Any CPU = Release|Any CPU
	EndGlobalSection
	GlobalSection(ProjectConfigurationPlatforms) = postSolution
		{68B84489-5FF7-4604-A767-1BAF95ED57AA}.Debug|Any CPU.ActiveCfg = Debug|Any CPU
		{68B84489-5FF7-4604-A767-1BAF95ED57AA}.Debug|Any CPU.Build.0 = Debug|Any CPU
		{68B84489-5FF7-4604-A767-1BAF95ED57AA}.Release|Any CPU.ActiveCfg = Release|Any CPU
		{68B84489-5FF7-4604-A767-1BAF95ED57AA}.Release|Any CPU.Build.0 = Release|Any CPU
		{0EAD9CA3-A6F2-4DED-839B-F677E5DB8959}.Debug|Any CPU.ActiveCfg = Debug|Any CPU
		{0EAD9CA3-A6F2-4DED-839B-F677E5DB8959}.Debug|Any CPU.Build.0 = Debug|Any CPU
		{0EAD9CA3-A6F2-4DED-839B-F677E5DB8959}.Release|Any CPU.ActiveCfg = Release|Any CPU
		{0EAD9CA3-A6F2-4DED-839B-F677E5DB8959}.Release|Any CPU.Build.0 = Release|Any CPU
		{D9E5B9B9-604A-4036-8DEA-EC4C1CEA4BE9}.Debug|Any CPU.ActiveCfg = Debug|Any CPU
		{D9E5B9B9-604A-4036-8DEA-EC4C1CEA4BE9}.Debug|Any CPU.Build.0 = Debug|Any CPU
		{D9E5B9B9-604A-4036-8DEA-EC4C1CEA4BE9}.Release|Any CPU.ActiveCfg = Release|Any CPU
		{D9E5B9B9-604A-4036-8DEA-EC4C1CEA4BE9}.Release|Any CPU.Build.0 = Release|Any CPU
	EndGlobalSection
	GlobalSection(SolutionProperties) = preSolution
		HideSolutionNode = FALSE
	EndGlobalSection
	GlobalSection(ExtensibilityGlobals) = postSolution
		SolutionGuid = {934330F4-5E0E-47B4-9A89-C62176A969BA}
	EndGlobalSection
EndGlobal
